[root]
name = "rex_utils"
version = "0.1.0"
dependencies = [
 "itertools 0.4.0 (registry+https://github.com/rust-lang/crates.io-index)",
 "odds 0.2.8 (registry+https://github.com/rust-lang/crates.io-index)",
]

[[package]]
name = "itertools"
version = "0.4.0"
source = "registry+https://github.com/rust-lang/crates.io-index"

[[package]]
name = "odds"
version = "0.2.8"
source = "registry+https://github.com/rust-lang/crates.io-index"
dependencies = [
 "unreachable 0.0.2 (registry+https://github.com/rust-lang/crates.io-index)",
]

[[package]]
name = "unreachable"
version = "0.0.2"
source = "registry+https://github.com/rust-lang/crates.io-index"
dependencies = [
 "void 0.0.5 (registry+https://github.com/rust-lang/crates.io-index)",
]

[[package]]
name = "void"
version = "0.0.5"
source = "registry+https://github.com/rust-lang/crates.io-index"

